{
  "name": "worker_threads",
  "version": "1.0.0",
  "lockfileVersion": 2,
  "requires": true,
  "packages": {
    "": {
      "name": "worker_threads",
      "version": "1.0.0",
      "license": "ISC",
      "dependencies": {
        "batch-promises": "^0.0.3"
      }
    },
    "node_modules/batch-promises": {
      "version": "0.0.3",
      "resolved": "https://registry.npmjs.org/batch-promises/-/batch-promises-0.0.3.tgz",
      "integrity": "sha512-Xlr3HckJFoXNcLmoxHGi6okPMWGilmrFBCrgeSWjXLagVs1W3/b2huWJTm5do/um0jugbcqTGMoGS8DL4pPUpQ=="
    }
  },
  "dependencies": {
    "batch-promises": {
      "version": "0.0.3",
      "resolved": "https://registry.npmjs.org/batch-promises/-/batch-promises-0.0.3.tgz",
      "integrity": "sha512-Xlr3HckJFoXNcLmoxHGi6okPMWGilmrFBCrgeSWjXLagVs1W3/b2huWJTm5do/um0jugbcqTGMoGS8DL4pPUpQ=="
    }
  }
}
